
Microsoft Visual Studio Solution File, Format Version 12.00
# Visual Studio Version 17
VisualStudioVersion = 17.0.32014.148
MinimumVisualStudioVersion = 10.0.40219.1
Project("{9A19103F-16F7-4668-BE54-9A1E7A4F7556}") = "csharp-appium-first", "csharp-appium-first.csproj", "{C7BAE274-CA59-40C5-BE10-202FFDB4C744}"
EndProject
Global
	GlobalSection(SolutionConfigurationPlatforms) = preSolution
		Debug|Any CPU = Debug|Any CPU
		Release|Any CPU = Release|Any CPU
	EndGlobalSection
	GlobalSection(ProjectConfigurationPlatforms) = postSolution
		{C7BAE274-CA59-40C5-BE10-202FFDB4C744}.Debug|Any CPU.ActiveCfg = Debug|Any CPU
		{C7BAE274-CA59-40C5-BE10-202FFDB4C744}.Debug|Any CPU.Build.0 = Debug|Any CPU
		{C7BAE274-CA59-40C5-BE10-202FFDB4C744}.Release|Any CPU.ActiveCfg = Release|Any CPU
		{C7BAE274-CA59-40C5-BE10-202FFDB4C744}.Release|Any CPU.Build.0 = Release|Any CPU
	EndGlobalSection
	GlobalSection(SolutionProperties) = preSolution
		HideSolutionNode = FALSE
	EndGlobalSection
	GlobalSection(ExtensibilityGlobals) = postSolution
		SolutionGuid = {BA2D9D52-C4D2-46BF-A4A4-45C7C33A7EA6}
	EndGlobalSection
EndGlobal
